
Microsoft Visual Studio Solution File, Format Version 12.00
# Visual Studio Version 17
VisualStudioVersion = 17.8.34316.72
MinimumVisualStudioVersion = 10.0.40219.1
Project("{FAE04EC0-301F-11D3-BF4B-00C04F79EFBC}") = "BackendCalc_IMC", "BackendCalc_IMC\BackendCalc_IMC.csproj", "{2F72F9D4-E7E6-4251-9BD0-A5AB2BDED4DE}"
EndProject
Global
	GlobalSection(SolutionConfigurationPlatforms) = preSolution
		Debug|Any CPU = Debug|Any CPU
		Release|Any CPU = Release|Any CPU
	EndGlobalSection
	GlobalSection(ProjectConfigurationPlatforms) = postSolution
		{2F72F9D4-E7E6-4251-9BD0-A5AB2BDED4DE}.Debug|Any CPU.ActiveCfg = Debug|Any CPU
		{2F72F9D4-E7E6-4251-9BD0-A5AB2BDED4DE}.Debug|Any CPU.Build.0 = Debug|Any CPU
		{2F72F9D4-E7E6-4251-9BD0-A5AB2BDED4DE}.Release|Any CPU.ActiveCfg = Release|Any CPU
		{2F72F9D4-E7E6-4251-9BD0-A5AB2BDED4DE}.Release|Any CPU.Build.0 = Release|Any CPU
	EndGlobalSection
	GlobalSection(SolutionProperties) = preSolution
		HideSolutionNode = FALSE
	EndGlobalSection
	GlobalSection(ExtensibilityGlobals) = postSolution
		SolutionGuid = {12F34B28-6A39-4E7F-ABDF-6D0F5CC87315}
	EndGlobalSection
EndGlobal
